Microsoft Visual Studio Solution File, Format Version 12.00
# Visual Studio Version 17
VisualStudioVersion = 17.6.33417.168
MinimumVisualStudioVersion = 10.0.40219.1
Project("{9A19103F-16F7-4668-BE54-9A1E7A4F7556}") = "ApiGateway", "ApiGateway\ApiGateway.csproj", "{FF1AB990-79C3-4F4D-B70E-A0B7B7F8FE09}"
EndProject
Project("{2150E333-8FDC-42A3-9474-1A3956D46DE8}") = "API", "API", "{52236B85-44FC-4AFD-A676-AA77A4674C36}"
EndProject
Project("{9A19103F-16F7-4668-BE54-9A1E7A4F7556}") = "Crosscutting", "Crosscutting\Crosscutting.csproj", "{1ADFCD87-D20C-46CC-8C46-4092A12EAFB8}"
EndProject
Project("{2150E333-8FDC-42A3-9474-1A3956D46DE8}") = "Auth", "Auth", "{730887C1-B261-4F24-9DA2-54D231A11DDD}"
EndProject
Project("{9A19103F-16F7-4668-BE54-9A1E7A4F7556}") = "API.Auth", "API.Auth\API.Auth.csproj", "{36BFDD52-14E5-4C13-9AAD-CD935190301B}"
EndProject
Project("{2150E333-8FDC-42A3-9474-1A3956D46DE8}") = "Features", "Features", "{EBE14867-2369-44B0-AF1F-004B16A98986}"
EndProject
Project("{2150E333-8FDC-42A3-9474-1A3956D46DE8}") = "Auth", "Auth", "{4AB29C2D-A0F4-411C-9BB7-E8EE4A22CCC8}"
EndProject
Project("{9A19103F-16F7-4668-BE54-9A1E7A4F7556}") = "Auth.Application", "Auth.Application\Auth.Application.csproj", "{3D481436-A224-4FA1-9E38-2FAFAA0E0D8C}"
EndProject
Project("{9A19103F-16F7-4668-BE54-9A1E7A4F7556}") = "Auth.Domain", "Auth.Domain\Auth.Domain.csproj", "{1F25208D-8115-4796-8571-C6D1D8FE7A66}"
EndProject
Project("{9A19103F-16F7-4668-BE54-9A1E7A4F7556}") = "Auth.Infrastructure", "Auth.Infrastructure\Auth.Infrastructure.csproj", "{3E30474F-3BC9-4126-A710-7717F01A5072}"
EndProject
Project("{2150E333-8FDC-42A3-9474-1A3956D46DE8}") = "DiscordServices", "DiscordServices", "{787B19F9-1AE9-4D15-BBAB-3618852E4810}"
EndProject
Project("{9A19103F-16F7-4668-BE54-9A1E7A4F7556}") = "DiscordBot.Application", "DiscordBot.Application\DiscordBot.Application.csproj", "{01C39327-7493-497B-998C-4FD6126A3FCF}"
EndProject
Project("{9A19103F-16F7-4668-BE54-9A1E7A4F7556}") = "DiscordBot.Domain", "DiscordBot.Domain\DiscordBot.Domain.csproj", "{A7E69DC2-FE88-4FE5-8624-B77D78E8C1E4}"
EndProject
Project("{9A19103F-16F7-4668-BE54-9A1E7A4F7556}") = "DiscordBot.Infrastructure", "DiscordBot.Infrastructure\DiscordBot.Infrastructure.csproj", "{9FF43A2F-4F13-4C32-AA36-F1537F728F8C}"
EndProject
Project("{2150E333-8FDC-42A3-9474-1A3956D46DE8}") = "DiscordBot", "DiscordBot", "{D28051B1-F082-4692-AA0E-33E100E27D61}"
EndProject
Project("{9A19103F-16F7-4668-BE54-9A1E7A4F7556}") = "API.DiscordBot", "API.DiscordBot\API.DiscordBot.csproj", "{4B3843C1-C254-485F-A1E6-2D4E84625B00}"
EndProject
Project("{2150E333-8FDC-42A3-9474-1A3956D46DE8}") = "EntityFrameworkCore", "EntityFrameworkCore", "{4E7F8963-CCB2-44C1-AF4E-3CB3E30885AA}"
EndProject
Project("{2150E333-8FDC-42A3-9474-1A3956D46DE8}") = "Discord-Bot", "Discord-Bot", "{9413011F-81EC-45E7-B6BD-641ADC1A30F1}"
EndProject
Project("{9A19103F-16F7-4668-BE54-9A1E7A4F7556}") = "BoundBot", "BoundBot\BoundBot.csproj", "{F1DB3B69-7E50-40E6-AA37-A04ADC6DF26E}"
EndProject
Project("{9A19103F-16F7-4668-BE54-9A1E7A4F7556}") = "Auth.Database", "Auth.Database\Auth.Database.csproj", "{5AFE16B6-3FA6-4329-A467-E67853DE7F7A}"
EndProject
Project("{2150E333-8FDC-42A3-9474-1A3956D46DE8}") = "Brokers", "Brokers", "{4A8DF047-A977-4699-98BC-B929650AB544}"
EndProject
Project("{2150E333-8FDC-42A3-9474-1A3956D46DE8}") = "HostServices", "HostServices", "{C58B2774-CBC4-4CC7-AE46-5F1D6D41C4F7}"
EndProject
Project("{2150E333-8FDC-42A3-9474-1A3956D46DE8}") = "InBound", "InBound", "{D0B41789-14A0-4875-A11A-C9A149D2849D}"
EndProject
Project("{2150E333-8FDC-42A3-9474-1A3956D46DE8}") = "Consumer", "Consumer", "{1E1A6715-591E-484B-A39B-4AD70073F9B8}"
EndProject
Project("{9A19103F-16F7-4668-BE54-9A1E7A4F7556}") = "DiscordSaga", "DiscordSaga\DiscordSaga.csproj", "{7976C450-1969-4BF0-B841-5902AA419FAD}"
EndProject
Project("{9A19103F-16F7-4668-BE54-9A1E7A4F7556}") = "DiscordSaga.Components", "DiscordSaga.Components\DiscordSaga.Components.csproj", "{444237DD-840C-42AD-ADBD-F0FCD40D1217}"
EndProject
Project("{9A19103F-16F7-4668-BE54-9A1E7A4F7556}") = "BrokersService", "BrokersService\BrokersService.csproj", "{7E610443-1F11-4936-A3B6-9236F3AF5281}"
EndProject
Project("{9A19103F-16F7-4668-BE54-9A1E7A4F7556}") = "EFCore", "EFCore\EFCore.csproj", "{9DD52DE5-75B7-4FAD-89D2-948F482F5FEE}"
EndProject
Project("{9A19103F-16F7-4668-BE54-9A1E7A4F7556}") = "DiscordSaga.Consumers", "DiscordSaga.Consumers\DiscordSaga.Consumers.csproj", "{03AB6056-9BF6-42F1-AFA5-F248C3E17FEA}"
EndProject
Project("{9A19103F-16F7-4668-BE54-9A1E7A4F7556}") = "BoundBot.Connection", "BoundBot.Connection\BoundBot.Connection.csproj", "{232CDBAA-921B-4F20-A630-E55C1AD123BF}"
EndProject
Project("{2150E333-8FDC-42A3-9474-1A3956D46DE8}") = "Admin", "Admin", "{4AC6C62E-DDFE-441D-8B54-38C5E29F659F}"
EndProject
Project("{9A19103F-16F7-4668-BE54-9A1E7A4F7556}") = "API.Admin", "API.Admin\API.Admin.csproj", "{6C585C7A-1D0B-4DA6-896E-6CA464A7A2BA}"
EndProject
Project("{2150E333-8FDC-42A3-9474-1A3956D46DE8}") = "Admin", "Admin", "{C4420774-7DF2-4419-9682-2EA86D72C152}"
EndProject
Project("{9A19103F-16F7-4668-BE54-9A1E7A4F7556}") = "Admin.Application", "Admin.Application\Admin.Application.csproj", "{5D066CCC-2C06-4061-B180-05675D7DCDE1}"
EndProject
Project("{9A19103F-16F7-4668-BE54-9A1E7A4F7556}") = "Admin.Domain", "Admin.Domain\Admin.Domain.csproj", "{77823DF1-2ED4-40D2-B6BC-1B5B9AF58970}"
EndProject
Project("{9A19103F-16F7-4668-BE54-9A1E7A4F7556}") = "Admin.Infrastructure", "Admin.Infrastructure\Admin.Infrastructure.csproj", "{658B13CC-8E3C-47CB-B092-8F5C738775F5}"
EndProject
Project("{9A19103F-16F7-4668-BE54-9A1E7A4F7556}") = "HostService", "HostService\HostService.csproj", "{2232F85D-B502-4C19-9F35-E8BDA149C5B0}"
EndProject
Project("{2150E333-8FDC-42A3-9474-1A3956D46DE8}") = "Solution Items", "Solution Items", "{4E00B684-383D-402F-ABA6-0951D90DA816}"
	ProjectSection(SolutionItems) = preProject
		global.json = global.json
	EndProjectSection
EndProject
Project("{2150E333-8FDC-42A3-9474-1A3956D46DE8}") = "Sellix", "Sellix", "{29F738BF-8D8C-45A6-A7AD-A2DC533515DB}"
EndProject
Project("{9A19103F-16F7-4668-BE54-9A1E7A4F7556}") = "Sellix.Domain", "Sellix.Domain\Sellix.Domain.csproj", "{9367CB04-C084-4648-AFAD-2DB100F05FD2}"
EndProject
Project("{9A19103F-16F7-4668-BE54-9A1E7A4F7556}") = "Sellix.Application", "Sellix.Application\Sellix.Application.csproj", "{9B9FB4D6-9355-4B5E-9177-6C29718C553A}"
EndProject
Project("{9A19103F-16F7-4668-BE54-9A1E7A4F7556}") = "Sellix.Infrastructure", "Sellix.Infrastructure\Sellix.Infrastructure.csproj", "{0B7EA780-14B8-4572-8710-15A3068A1CD8}"
EndProject
Project("{9A19103F-16F7-4668-BE54-9A1E7A4F7556}") = "Sellix.Components", "Sellix.Components\Sellix.Components.csproj", "{B752B88A-2603-42BE-B703-36033CD44513}"
EndProject
Project("{2150E333-8FDC-42A3-9474-1A3956D46DE8}") = "Sellix", "Sellix", "{1A64D90B-F7D8-46B7-BEB1-B2A48257D0F6}"
EndProject
Project("{9A19103F-16F7-4668-BE54-9A1E7A4F7556}") = "Api.Sellix", "Api.Sellix\Api.Sellix.csproj", "{3A718879-30E0-419F-845E-44C015020D9D}"
EndProject
Project("{2150E333-8FDC-42A3-9474-1A3956D46DE8}") = "Logging", "Logging", "{AF6E771B-0747-4AD5-AFCF-7EF64F6D1072}"
EndProject
Project("{9A19103F-16F7-4668-BE54-9A1E7A4F7556}") = "LoggingService.Components", "LoggingService.Components\LoggingService.Components.csproj", "{CFCEACE5-8508-430B-863E-A010A670E980}"
EndProject
Project("{9A19103F-16F7-4668-BE54-9A1E7A4F7556}") = "xUnitTest.DiscordSaga", "xUnitTest.DiscordSaga\xUnitTest.DiscordSaga.csproj", "{AEC983F0-185C-4F1C-9E16-3E9F8A547A2C}"
EndProject
Project("{2150E333-8FDC-42A3-9474-1A3956D46DE8}") = "Database", "Database", "{746D424E-D778-4218-94A3-2459805324FF}"
EndProject
Project("{9A19103F-16F7-4668-BE54-9A1E7A4F7556}") = "Database.Application", "Database.Application\Database.Application.csproj", "{C4B0FC0D-C199-4C8E-88B2-225C26931231}"
EndProject
Project("{9A19103F-16F7-4668-BE54-9A1E7A4F7556}") = "Database.Domain", "Database.Domain\Database.Domain.csproj", "{8B1FE90C-D45E-4551-B91F-288E057B176D}"
EndProject
Project("{9A19103F-16F7-4668-BE54-9A1E7A4F7556}") = "Database.Infrastructure", "Database.Infrastructure\Database.Infrastructure.csproj", "{48CC7830-883A-4A31-A48D-9D732FF19637}"
EndProject
Project("{E53339B2-1760-4266-BCC7-CA923CBCF16C}") = "docker-compose", "docker-compose.dcproj", "{2C3C7FB5-6AEA-4CBE-B70C-0C53C103E379}"
EndProject
Project("{9A19103F-16F7-4668-BE54-9A1E7A4F7556}") = "BoundBot.Infrastructure", "BoundBot.Infrastructure\BoundBot.Infrastructure.csproj", "{9363A888-043A-43B1-ABD6-FFDC7CAFD77D}"
EndProject
Project("{9A19103F-16F7-4668-BE54-9A1E7A4F7556}") = "BoundBot.Domain", "BoundBot.Domain\BoundBot.Domain.csproj", "{5F55499E-D85D-45E3-A1DC-2A501E1A8000}"
EndProject
Project("{9A19103F-16F7-4668-BE54-9A1E7A4F7556}") = "BoundBot.Application", "BoundBot.Application\BoundBot.Application.csproj", "{E763FAFE-4410-4ECB-B28C-95B28E95335F}"
EndProject
Project("{9A19103F-16F7-4668-BE54-9A1E7A4F7556}") = "BoundBot.Components", "BoundBot.Components\BoundBot.Components.csproj", "{939941BC-1951-483E-8190-BCB8FE23C196}"
EndProject
Project("{2150E333-8FDC-42A3-9474-1A3956D46DE8}") = "Gpt", "Gpt", "{85576AB4-6074-4A0B-AD13-DC23D0B260C4}"
EndProject
Project("{9A19103F-16F7-4668-BE54-9A1E7A4F7556}") = "Gpt.Domain", "Gpt.Domain\Gpt.Domain.csproj", "{308AB7C0-1AF5-46A3-98F5-420D579EF259}"
EndProject
Project("{9A19103F-16F7-4668-BE54-9A1E7A4F7556}") = "Gpt.Infrastructure", "Gpt.Infrastructure\Gpt.Infrastructure.csproj", "{483AB37E-C2FC-403E-A14E-29EE2D0D1847}"
EndProject
Project("{9A19103F-16F7-4668-BE54-9A1E7A4F7556}") = "Gpt.application", "gpt.application\Gpt.application.csproj", "{11376448-95D9-4298-831E-AA629A6FF70C}"
EndProject
Project("{2150E333-8FDC-42A3-9474-1A3956D46DE8}") = "Gpt", "Gpt", "{DFA8B10B-6C70-413F-B3BB-179D1E06145B}"
EndProject
Project("{9A19103F-16F7-4668-BE54-9A1E7A4F7556}") = "Gpt.Components", "Gpt.Components\Gpt.Components.csproj", "{E9F95E71-69B8-4F76-8C67-D5313D5A66EB}"
EndProject
Project("{9A19103F-16F7-4668-BE54-9A1E7A4F7556}") = "Api.GPT", "Api.GPT\Api.GPT.csproj", "{0CA62E4E-C9A3-4715-B2AD-1210D298C902}"
EndProject
Project("{888888A0-9F3D-457C-B088-3A5042F75D52}") = "OpenAI", "OpenAI\OpenAI.pyproj", "{60C71347-0815-4FC8-826B-864DF463EE32}"
EndProject
Project("{9A19103F-16F7-4668-BE54-9A1E7A4F7556}") = "Sellix.Test", "Sellix.Test\Sellix.Test.csproj", "{5871C32C-68C4-486B-9511-567FC37852DD}"
EndProject
Project("{2150E333-8FDC-42A3-9474-1A3956D46DE8}") = "Website", "Website", "{791F66C1-E6D8-4A05-8C49-11601276F54D}"
EndProject
Project("{9A19103F-16F7-4668-BE54-9A1E7A4F7556}") = "Website", "Website\Website\Website.csproj", "{2C75F690-39FE-4EB9-95DF-5E1FB1F3DA10}"
EndProject
Project("{9A19103F-16F7-4668-BE54-9A1E7A4F7556}") = "Website.Client", "Website\Website.Client\Website.Client.csproj", "{F7FD8B93-C6FF-4661-8BB7-749A9E5EBEC1}"
EndProject
Project("{FAE04EC0-301F-11D3-BF4B-00C04F79EFBC}") = "Auth.Components", "Auth.Components\Auth.Components.csproj", "{CFA63997-A649-4F4E-B54D-6ADEB3096377}"
EndProject
Global
	GlobalSection(SolutionConfigurationPlatforms) = preSolution
		Debug|Any CPU = Debug|Any CPU
		Release|Any CPU = Release|Any CPU
	EndGlobalSection
	GlobalSection(ProjectConfigurationPlatforms) = postSolution
		{FF1AB990-79C3-4F4D-B70E-A0B7B7F8FE09}.Debug|Any CPU.ActiveCfg = Debug|Any CPU
		{FF1AB990-79C3-4F4D-B70E-A0B7B7F8FE09}.Debug|Any CPU.Build.0 = Debug|Any CPU
		{FF1AB990-79C3-4F4D-B70E-A0B7B7F8FE09}.Release|Any CPU.ActiveCfg = Release|Any CPU
		{FF1AB990-79C3-4F4D-B70E-A0B7B7F8FE09}.Release|Any CPU.Build.0 = Release|Any CPU
		{1ADFCD87-D20C-46CC-8C46-4092A12EAFB8}.Debug|Any CPU.ActiveCfg = Debug|Any CPU
		{1ADFCD87-D20C-46CC-8C46-4092A12EAFB8}.Debug|Any CPU.Build.0 = Debug|Any CPU
		{1ADFCD87-D20C-46CC-8C46-4092A12EAFB8}.Release|Any CPU.ActiveCfg = Release|Any CPU
		{1ADFCD87-D20C-46CC-8C46-4092A12EAFB8}.Release|Any CPU.Build.0 = Release|Any CPU
		{36BFDD52-14E5-4C13-9AAD-CD935190301B}.Debug|Any CPU.ActiveCfg = Debug|Any CPU
		{36BFDD52-14E5-4C13-9AAD-CD935190301B}.Debug|Any CPU.Build.0 = Debug|Any CPU
		{36BFDD52-14E5-4C13-9AAD-CD935190301B}.Release|Any CPU.ActiveCfg = Release|Any CPU
		{36BFDD52-14E5-4C13-9AAD-CD935190301B}.Release|Any CPU.Build.0 = Release|Any CPU
		{3D481436-A224-4FA1-9E38-2FAFAA0E0D8C}.Debug|Any CPU.ActiveCfg = Debug|Any CPU
		{3D481436-A224-4FA1-9E38-2FAFAA0E0D8C}.Debug|Any CPU.Build.0 = Debug|Any CPU
		{3D481436-A224-4FA1-9E38-2FAFAA0E0D8C}.Release|Any CPU.ActiveCfg = Release|Any CPU
		{3D481436-A224-4FA1-9E38-2FAFAA0E0D8C}.Release|Any CPU.Build.0 = Release|Any CPU
		{1F25208D-8115-4796-8571-C6D1D8FE7A66}.Debug|Any CPU.ActiveCfg = Debug|Any CPU
		{1F25208D-8115-4796-8571-C6D1D8FE7A66}.Debug|Any CPU.Build.0 = Debug|Any CPU
		{1F25208D-8115-4796-8571-C6D1D8FE7A66}.Release|Any CPU.ActiveCfg = Release|Any CPU
		{1F25208D-8115-4796-8571-C6D1D8FE7A66}.Release|Any CPU.Build.0 = Release|Any CPU
		{3E30474F-3BC9-4126-A710-7717F01A5072}.Debug|Any CPU.ActiveCfg = Debug|Any CPU
		{3E30474F-3BC9-4126-A710-7717F01A5072}.Debug|Any CPU.Build.0 = Debug|Any CPU
		{3E30474F-3BC9-4126-A710-7717F01A5072}.Release|Any CPU.ActiveCfg = Release|Any CPU
		{3E30474F-3BC9-4126-A710-7717F01A5072}.Release|Any CPU.Build.0 = Release|Any CPU
		{01C39327-7493-497B-998C-4FD6126A3FCF}.Debug|Any CPU.ActiveCfg = Debug|Any CPU
		{01C39327-7493-497B-998C-4FD6126A3FCF}.Debug|Any CPU.Build.0 = Debug|Any CPU
		{01C39327-7493-497B-998C-4FD6126A3FCF}.Release|Any CPU.ActiveCfg = Release|Any CPU
		{01C39327-7493-497B-998C-4FD6126A3FCF}.Release|Any CPU.Build.0 = Release|Any CPU
		{A7E69DC2-FE88-4FE5-8624-B77D78E8C1E4}.Debug|Any CPU.ActiveCfg = Debug|Any CPU
		{A7E69DC2-FE88-4FE5-8624-B77D78E8C1E4}.Debug|Any CPU.Build.0 = Debug|Any CPU
		{A7E69DC2-FE88-4FE5-8624-B77D78E8C1E4}.Release|Any CPU.ActiveCfg = Release|Any CPU
		{A7E69DC2-FE88-4FE5-8624-B77D78E8C1E4}.Release|Any CPU.Build.0 = Release|Any CPU
		{9FF43A2F-4F13-4C32-AA36-F1537F728F8C}.Debug|Any CPU.ActiveCfg = Debug|Any CPU
		{9FF43A2F-4F13-4C32-AA36-F1537F728F8C}.Debug|Any CPU.Build.0 = Debug|Any CPU
		{9FF43A2F-4F13-4C32-AA36-F1537F728F8C}.Release|Any CPU.ActiveCfg = Release|Any CPU
		{9FF43A2F-4F13-4C32-AA36-F1537F728F8C}.Release|Any CPU.Build.0 = Release|Any CPU
		{4B3843C1-C254-485F-A1E6-2D4E84625B00}.Debug|Any CPU.ActiveCfg = Debug|Any CPU
		{4B3843C1-C254-485F-A1E6-2D4E84625B00}.Debug|Any CPU.Build.0 = Debug|Any CPU
		{4B3843C1-C254-485F-A1E6-2D4E84625B00}.Release|Any CPU.ActiveCfg = Release|Any CPU
		{4B3843C1-C254-485F-A1E6-2D4E84625B00}.Release|Any CPU.Build.0 = Release|Any CPU
		{F1DB3B69-7E50-40E6-AA37-A04ADC6DF26E}.Debug|Any CPU.ActiveCfg = Debug|Any CPU
		{F1DB3B69-7E50-40E6-AA37-A04ADC6DF26E}.Debug|Any CPU.Build.0 = Debug|Any CPU
		{F1DB3B69-7E50-40E6-AA37-A04ADC6DF26E}.Release|Any CPU.ActiveCfg = Release|Any CPU
		{F1DB3B69-7E50-40E6-AA37-A04ADC6DF26E}.Release|Any CPU.Build.0 = Release|Any CPU
		{5AFE16B6-3FA6-4329-A467-E67853DE7F7A}.Debug|Any CPU.ActiveCfg = Debug|Any CPU
		{5AFE16B6-3FA6-4329-A467-E67853DE7F7A}.Debug|Any CPU.Build.0 = Debug|Any CPU
		{5AFE16B6-3FA6-4329-A467-E67853DE7F7A}.Release|Any CPU.ActiveCfg = Release|Any CPU
		{5AFE16B6-3FA6-4329-A467-E67853DE7F7A}.Release|Any CPU.Build.0 = Release|Any CPU
		{7976C450-1969-4BF0-B841-5902AA419FAD}.Debug|Any CPU.ActiveCfg = Debug|Any CPU
		{7976C450-1969-4BF0-B841-5902AA419FAD}.Debug|Any CPU.Build.0 = Debug|Any CPU
		{7976C450-1969-4BF0-B841-5902AA419FAD}.Release|Any CPU.ActiveCfg = Release|Any CPU
		{7976C450-1969-4BF0-B841-5902AA419FAD}.Release|Any CPU.Build.0 = Release|Any CPU
		{444237DD-840C-42AD-ADBD-F0FCD40D1217}.Debug|Any CPU.ActiveCfg = Debug|Any CPU
		{444237DD-840C-42AD-ADBD-F0FCD40D1217}.Debug|Any CPU.Build.0 = Debug|Any CPU
		{444237DD-840C-42AD-ADBD-F0FCD40D1217}.Release|Any CPU.ActiveCfg = Release|Any CPU
		{444237DD-840C-42AD-ADBD-F0FCD40D1217}.Release|Any CPU.Build.0 = Release|Any CPU
		{7E610443-1F11-4936-A3B6-9236F3AF5281}.Debug|Any CPU.ActiveCfg = Debug|Any CPU
		{7E610443-1F11-4936-A3B6-9236F3AF5281}.Debug|Any CPU.Build.0 = Debug|Any CPU
		{7E610443-1F11-4936-A3B6-9236F3AF5281}.Release|Any CPU.ActiveCfg = Release|Any CPU
		{7E610443-1F11-4936-A3B6-9236F3AF5281}.Release|Any CPU.Build.0 = Release|Any CPU
		{9DD52DE5-75B7-4FAD-89D2-948F482F5FEE}.Debug|Any CPU.ActiveCfg = Debug|Any CPU
		{9DD52DE5-75B7-4FAD-89D2-948F482F5FEE}.Debug|Any CPU.Build.0 = Debug|Any CPU
		{9DD52DE5-75B7-4FAD-89D2-948F482F5FEE}.Release|Any CPU.ActiveCfg = Release|Any CPU
		{9DD52DE5-75B7-4FAD-89D2-948F482F5FEE}.Release|Any CPU.Build.0 = Release|Any CPU
		{03AB6056-9BF6-42F1-AFA5-F248C3E17FEA}.Debug|Any CPU.ActiveCfg = Debug|Any CPU
		{03AB6056-9BF6-42F1-AFA5-F248C3E17FEA}.Debug|Any CPU.Build.0 = Debug|Any CPU
		{03AB6056-9BF6-42F1-AFA5-F248C3E17FEA}.Release|Any CPU.ActiveCfg = Release|Any CPU
		{03AB6056-9BF6-42F1-AFA5-F248C3E17FEA}.Release|Any CPU.Build.0 = Release|Any CPU
		{232CDBAA-921B-4F20-A630-E55C1AD123BF}.Debug|Any CPU.ActiveCfg = Debug|Any CPU
		{232CDBAA-921B-4F20-A630-E55C1AD123BF}.Debug|Any CPU.Build.0 = Debug|Any CPU
		{232CDBAA-921B-4F20-A630-E55C1AD123BF}.Release|Any CPU.ActiveCfg = Release|Any CPU
		{232CDBAA-921B-4F20-A630-E55C1AD123BF}.Release|Any CPU.Build.0 = Release|Any CPU
		{6C585C7A-1D0B-4DA6-896E-6CA464A7A2BA}.Debug|Any CPU.ActiveCfg = Debug|Any CPU
		{6C585C7A-1D0B-4DA6-896E-6CA464A7A2BA}.Debug|Any CPU.Build.0 = Debug|Any CPU
		{6C585C7A-1D0B-4DA6-896E-6CA464A7A2BA}.Release|Any CPU.ActiveCfg = Release|Any CPU
		{6C585C7A-1D0B-4DA6-896E-6CA464A7A2BA}.Release|Any CPU.Build.0 = Release|Any CPU
		{5D066CCC-2C06-4061-B180-05675D7DCDE1}.Debug|Any CPU.ActiveCfg = Debug|Any CPU
		{5D066CCC-2C06-4061-B180-05675D7DCDE1}.Debug|Any CPU.Build.0 = Debug|Any CPU
		{5D066CCC-2C06-4061-B180-05675D7DCDE1}.Release|Any CPU.ActiveCfg = Release|Any CPU
		{5D066CCC-2C06-4061-B180-05675D7DCDE1}.Release|Any CPU.Build.0 = Release|Any CPU
		{77823DF1-2ED4-40D2-B6BC-1B5B9AF58970}.Debug|Any CPU.ActiveCfg = Debug|Any CPU
		{77823DF1-2ED4-40D2-B6BC-1B5B9AF58970}.Debug|Any CPU.Build.0 = Debug|Any CPU
		{77823DF1-2ED4-40D2-B6BC-1B5B9AF58970}.Release|Any CPU.ActiveCfg = Release|Any CPU
		{77823DF1-2ED4-40D2-B6BC-1B5B9AF58970}.Release|Any CPU.Build.0 = Release|Any CPU
		{658B13CC-8E3C-47CB-B092-8F5C738775F5}.Debug|Any CPU.ActiveCfg = Debug|Any CPU
		{658B13CC-8E3C-47CB-B092-8F5C738775F5}.Debug|Any CPU.Build.0 = Debug|Any CPU
		{658B13CC-8E3C-47CB-B092-8F5C738775F5}.Release|Any CPU.ActiveCfg = Release|Any CPU
		{658B13CC-8E3C-47CB-B092-8F5C738775F5}.Release|Any CPU.Build.0 = Release|Any CPU
		{2232F85D-B502-4C19-9F35-E8BDA149C5B0}.Debug|Any CPU.ActiveCfg = Debug|Any CPU
		{2232F85D-B502-4C19-9F35-E8BDA149C5B0}.Debug|Any CPU.Build.0 = Debug|Any CPU
		{2232F85D-B502-4C19-9F35-E8BDA149C5B0}.Release|Any CPU.ActiveCfg = Release|Any CPU
		{2232F85D-B502-4C19-9F35-E8BDA149C5B0}.Release|Any CPU.Build.0 = Release|Any CPU
		{9367CB04-C084-4648-AFAD-2DB100F05FD2}.Debug|Any CPU.ActiveCfg = Debug|Any CPU
		{9367CB04-C084-4648-AFAD-2DB100F05FD2}.Debug|Any CPU.Build.0 = Debug|Any CPU
		{9367CB04-C084-4648-AFAD-2DB100F05FD2}.Release|Any CPU.ActiveCfg = Release|Any CPU
		{9367CB04-C084-4648-AFAD-2DB100F05FD2}.Release|Any CPU.Build.0 = Release|Any CPU
		{9B9FB4D6-9355-4B5E-9177-6C29718C553A}.Debug|Any CPU.ActiveCfg = Debug|Any CPU
		{9B9FB4D6-9355-4B5E-9177-6C29718C553A}.Debug|Any CPU.Build.0 = Debug|Any CPU
		{9B9FB4D6-9355-4B5E-9177-6C29718C553A}.Release|Any CPU.ActiveCfg = Release|Any CPU
		{9B9FB4D6-9355-4B5E-9177-6C29718C553A}.Release|Any CPU.Build.0 = Release|Any CPU
		{0B7EA780-14B8-4572-8710-15A3068A1CD8}.Debug|Any CPU.ActiveCfg = Debug|Any CPU
		{0B7EA780-14B8-4572-8710-15A3068A1CD8}.Debug|Any CPU.Build.0 = Debug|Any CPU
		{0B7EA780-14B8-4572-8710-15A3068A1CD8}.Release|Any CPU.ActiveCfg = Release|Any CPU
		{0B7EA780-14B8-4572-8710-15A3068A1CD8}.Release|Any CPU.Build.0 = Release|Any CPU
		{B752B88A-2603-42BE-B703-36033CD44513}.Debug|Any CPU.ActiveCfg = Debug|Any CPU
		{B752B88A-2603-42BE-B703-36033CD44513}.Debug|Any CPU.Build.0 = Debug|Any CPU
		{B752B88A-2603-42BE-B703-36033CD44513}.Release|Any CPU.ActiveCfg = Release|Any CPU
		{B752B88A-2603-42BE-B703-36033CD44513}.Release|Any CPU.Build.0 = Release|Any CPU
		{3A718879-30E0-419F-845E-44C015020D9D}.Debug|Any CPU.ActiveCfg = Debug|Any CPU
		{3A718879-30E0-419F-845E-44C015020D9D}.Debug|Any CPU.Build.0 = Debug|Any CPU
		{3A718879-30E0-419F-845E-44C015020D9D}.Release|Any CPU.ActiveCfg = Release|Any CPU
		{3A718879-30E0-419F-845E-44C015020D9D}.Release|Any CPU.Build.0 = Release|Any CPU
		{CFCEACE5-8508-430B-863E-A010A670E980}.Debug|Any CPU.ActiveCfg = Debug|Any CPU
		{CFCEACE5-8508-430B-863E-A010A670E980}.Debug|Any CPU.Build.0 = Debug|Any CPU
		{CFCEACE5-8508-430B-863E-A010A670E980}.Release|Any CPU.ActiveCfg = Release|Any CPU
		{CFCEACE5-8508-430B-863E-A010A670E980}.Release|Any CPU.Build.0 = Release|Any CPU
		{AEC983F0-185C-4F1C-9E16-3E9F8A547A2C}.Debug|Any CPU.ActiveCfg = Debug|Any CPU
		{AEC983F0-185C-4F1C-9E16-3E9F8A547A2C}.Debug|Any CPU.Build.0 = Debug|Any CPU
		{AEC983F0-185C-4F1C-9E16-3E9F8A547A2C}.Release|Any CPU.ActiveCfg = Release|Any CPU
		{AEC983F0-185C-4F1C-9E16-3E9F8A547A2C}.Release|Any CPU.Build.0 = Release|Any CPU
		{C4B0FC0D-C199-4C8E-88B2-225C26931231}.Debug|Any CPU.ActiveCfg = Debug|Any CPU
		{C4B0FC0D-C199-4C8E-88B2-225C26931231}.Debug|Any CPU.Build.0 = Debug|Any CPU
		{C4B0FC0D-C199-4C8E-88B2-225C26931231}.Release|Any CPU.ActiveCfg = Release|Any CPU
		{C4B0FC0D-C199-4C8E-88B2-225C26931231}.Release|Any CPU.Build.0 = Release|Any CPU
		{8B1FE90C-D45E-4551-B91F-288E057B176D}.Debug|Any CPU.ActiveCfg = Debug|Any CPU
		{8B1FE90C-D45E-4551-B91F-288E057B176D}.Debug|Any CPU.Build.0 = Debug|Any CPU
		{8B1FE90C-D45E-4551-B91F-288E057B176D}.Release|Any CPU.ActiveCfg = Release|Any CPU
		{8B1FE90C-D45E-4551-B91F-288E057B176D}.Release|Any CPU.Build.0 = Release|Any CPU
		{48CC7830-883A-4A31-A48D-9D732FF19637}.Debug|Any CPU.ActiveCfg = Debug|Any CPU
		{48CC7830-883A-4A31-A48D-9D732FF19637}.Debug|Any CPU.Build.0 = Debug|Any CPU
		{48CC7830-883A-4A31-A48D-9D732FF19637}.Release|Any CPU.ActiveCfg = Release|Any CPU
		{48CC7830-883A-4A31-A48D-9D732FF19637}.Release|Any CPU.Build.0 = Release|Any CPU
		{2C3C7FB5-6AEA-4CBE-B70C-0C53C103E379}.Debug|Any CPU.ActiveCfg = Debug|Any CPU
		{2C3C7FB5-6AEA-4CBE-B70C-0C53C103E379}.Debug|Any CPU.Build.0 = Debug|Any CPU
		{2C3C7FB5-6AEA-4CBE-B70C-0C53C103E379}.Release|Any CPU.ActiveCfg = Release|Any CPU
		{2C3C7FB5-6AEA-4CBE-B70C-0C53C103E379}.Release|Any CPU.Build.0 = Release|Any CPU
		{9363A888-043A-43B1-ABD6-FFDC7CAFD77D}.Debug|Any CPU.ActiveCfg = Debug|Any CPU
		{9363A888-043A-43B1-ABD6-FFDC7CAFD77D}.Debug|Any CPU.Build.0 = Debug|Any CPU
		{9363A888-043A-43B1-ABD6-FFDC7CAFD77D}.Release|Any CPU.ActiveCfg = Release|Any CPU
		{9363A888-043A-43B1-ABD6-FFDC7CAFD77D}.Release|Any CPU.Build.0 = Release|Any CPU
		{5F55499E-D85D-45E3-A1DC-2A501E1A8000}.Debug|Any CPU.ActiveCfg = Debug|Any CPU
		{5F55499E-D85D-45E3-A1DC-2A501E1A8000}.Debug|Any CPU.Build.0 = Debug|Any CPU
		{5F55499E-D85D-45E3-A1DC-2A501E1A8000}.Release|Any CPU.ActiveCfg = Release|Any CPU
		{5F55499E-D85D-45E3-A1DC-2A501E1A8000}.Release|Any CPU.Build.0 = Release|Any CPU
		{E763FAFE-4410-4ECB-B28C-95B28E95335F}.Debug|Any CPU.ActiveCfg = Debug|Any CPU
		{E763FAFE-4410-4ECB-B28C-95B28E95335F}.Debug|Any CPU.Build.0 = Debug|Any CPU
		{E763FAFE-4410-4ECB-B28C-95B28E95335F}.Release|Any CPU.ActiveCfg = Release|Any CPU
		{E763FAFE-4410-4ECB-B28C-95B28E95335F}.Release|Any CPU.Build.0 = Release|Any CPU
		{939941BC-1951-483E-8190-BCB8FE23C196}.Debug|Any CPU.ActiveCfg = Debug|Any CPU
		{939941BC-1951-483E-8190-BCB8FE23C196}.Debug|Any CPU.Build.0 = Debug|Any CPU
		{939941BC-1951-483E-8190-BCB8FE23C196}.Release|Any CPU.ActiveCfg = Release|Any CPU
		{939941BC-1951-483E-8190-BCB8FE23C196}.Release|Any CPU.Build.0 = Release|Any CPU
		{308AB7C0-1AF5-46A3-98F5-420D579EF259}.Debug|Any CPU.ActiveCfg = Debug|Any CPU
		{308AB7C0-1AF5-46A3-98F5-420D579EF259}.Debug|Any CPU.Build.0 = Debug|Any CPU
		{308AB7C0-1AF5-46A3-98F5-420D579EF259}.Release|Any CPU.ActiveCfg = Release|Any CPU
		{308AB7C0-1AF5-46A3-98F5-420D579EF259}.Release|Any CPU.Build.0 = Release|Any CPU
		{483AB37E-C2FC-403E-A14E-29EE2D0D1847}.Debug|Any CPU.ActiveCfg = Debug|Any CPU
		{483AB37E-C2FC-403E-A14E-29EE2D0D1847}.Debug|Any CPU.Build.0 = Debug|Any CPU
		{483AB37E-C2FC-403E-A14E-29EE2D0D1847}.Release|Any CPU.ActiveCfg = Release|Any CPU
		{483AB37E-C2FC-403E-A14E-29EE2D0D1847}.Release|Any CPU.Build.0 = Release|Any CPU
		{11376448-95D9-4298-831E-AA629A6FF70C}.Debug|Any CPU.ActiveCfg = Debug|Any CPU
		{11376448-95D9-4298-831E-AA629A6FF70C}.Debug|Any CPU.Build.0 = Debug|Any CPU
		{11376448-95D9-4298-831E-AA629A6FF70C}.Release|Any CPU.ActiveCfg = Release|Any CPU
		{11376448-95D9-4298-831E-AA629A6FF70C}.Release|Any CPU.Build.0 = Release|Any CPU
		{E9F95E71-69B8-4F76-8C67-D5313D5A66EB}.Debug|Any CPU.ActiveCfg = Debug|Any CPU
		{E9F95E71-69B8-4F76-8C67-D5313D5A66EB}.Debug|Any CPU.Build.0 = Debug|Any CPU
		{E9F95E71-69B8-4F76-8C67-D5313D5A66EB}.Release|Any CPU.ActiveCfg = Release|Any CPU
		{E9F95E71-69B8-4F76-8C67-D5313D5A66EB}.Release|Any CPU.Build.0 = Release|Any CPU
		{0CA62E4E-C9A3-4715-B2AD-1210D298C902}.Debug|Any CPU.ActiveCfg = Debug|Any CPU
		{0CA62E4E-C9A3-4715-B2AD-1210D298C902}.Debug|Any CPU.Build.0 = Debug|Any CPU
		{0CA62E4E-C9A3-4715-B2AD-1210D298C902}.Release|Any CPU.ActiveCfg = Release|Any CPU
		{0CA62E4E-C9A3-4715-B2AD-1210D298C902}.Release|Any CPU.Build.0 = Release|Any CPU
		{60C71347-0815-4FC8-826B-864DF463EE32}.Debug|Any CPU.ActiveCfg = Debug|Any CPU
		{60C71347-0815-4FC8-826B-864DF463EE32}.Release|Any CPU.ActiveCfg = Release|Any CPU
		{5871C32C-68C4-486B-9511-567FC37852DD}.Debug|Any CPU.ActiveCfg = Debug|Any CPU
		{5871C32C-68C4-486B-9511-567FC37852DD}.Debug|Any CPU.Build.0 = Debug|Any CPU
		{5871C32C-68C4-486B-9511-567FC37852DD}.Release|Any CPU.ActiveCfg = Release|Any CPU
		{5871C32C-68C4-486B-9511-567FC37852DD}.Release|Any CPU.Build.0 = Release|Any CPU
		{2C75F690-39FE-4EB9-95DF-5E1FB1F3DA10}.Debug|Any CPU.ActiveCfg = Debug|Any CPU
		{2C75F690-39FE-4EB9-95DF-5E1FB1F3DA10}.Debug|Any CPU.Build.0 = Debug|Any CPU
		{2C75F690-39FE-4EB9-95DF-5E1FB1F3DA10}.Release|Any CPU.ActiveCfg = Release|Any CPU
		{2C75F690-39FE-4EB9-95DF-5E1FB1F3DA10}.Release|Any CPU.Build.0 = Release|Any CPU
		{F7FD8B93-C6FF-4661-8BB7-749A9E5EBEC1}.Debug|Any CPU.ActiveCfg = Debug|Any CPU
		{F7FD8B93-C6FF-4661-8BB7-749A9E5EBEC1}.Debug|Any CPU.Build.0 = Debug|Any CPU
		{F7FD8B93-C6FF-4661-8BB7-749A9E5EBEC1}.Release|Any CPU.ActiveCfg = Release|Any CPU
		{F7FD8B93-C6FF-4661-8BB7-749A9E5EBEC1}.Release|Any CPU.Build.0 = Release|Any CPU
		{CFA63997-A649-4F4E-B54D-6ADEB3096377}.Debug|Any CPU.ActiveCfg = Debug|Any CPU
		{CFA63997-A649-4F4E-B54D-6ADEB3096377}.Debug|Any CPU.Build.0 = Debug|Any CPU
		{CFA63997-A649-4F4E-B54D-6ADEB3096377}.Release|Any CPU.ActiveCfg = Release|Any CPU
		{CFA63997-A649-4F4E-B54D-6ADEB3096377}.Release|Any CPU.Build.0 = Release|Any CPU
	EndGlobalSection
	GlobalSection(SolutionProperties) = preSolution
		HideSolutionNode = FALSE
	EndGlobalSection
	GlobalSection(NestedProjects) = preSolution
		{FF1AB990-79C3-4F4D-B70E-A0B7B7F8FE09} = {52236B85-44FC-4AFD-A676-AA77A4674C36}
		{52236B85-44FC-4AFD-A676-AA77A4674C36} = {D0B41789-14A0-4875-A11A-C9A149D2849D}
		{730887C1-B261-4F24-9DA2-54D231A11DDD} = {52236B85-44FC-4AFD-A676-AA77A4674C36}
		{36BFDD52-14E5-4C13-9AAD-CD935190301B} = {730887C1-B261-4F24-9DA2-54D231A11DDD}
		{4AB29C2D-A0F4-411C-9BB7-E8EE4A22CCC8} = {EBE14867-2369-44B0-AF1F-004B16A98986}
		{3D481436-A224-4FA1-9E38-2FAFAA0E0D8C} = {4AB29C2D-A0F4-411C-9BB7-E8EE4A22CCC8}
		{1F25208D-8115-4796-8571-C6D1D8FE7A66} = {4AB29C2D-A0F4-411C-9BB7-E8EE4A22CCC8}
		{3E30474F-3BC9-4126-A710-7717F01A5072} = {4AB29C2D-A0F4-411C-9BB7-E8EE4A22CCC8}
		{787B19F9-1AE9-4D15-BBAB-3618852E4810} = {EBE14867-2369-44B0-AF1F-004B16A98986}
		{01C39327-7493-497B-998C-4FD6126A3FCF} = {787B19F9-1AE9-4D15-BBAB-3618852E4810}
		{A7E69DC2-FE88-4FE5-8624-B77D78E8C1E4} = {787B19F9-1AE9-4D15-BBAB-3618852E4810}
		{9FF43A2F-4F13-4C32-AA36-F1537F728F8C} = {787B19F9-1AE9-4D15-BBAB-3618852E4810}
		{D28051B1-F082-4692-AA0E-33E100E27D61} = {52236B85-44FC-4AFD-A676-AA77A4674C36}
		{4B3843C1-C254-485F-A1E6-2D4E84625B00} = {D28051B1-F082-4692-AA0E-33E100E27D61}
		{F1DB3B69-7E50-40E6-AA37-A04ADC6DF26E} = {9413011F-81EC-45E7-B6BD-641ADC1A30F1}
		{5AFE16B6-3FA6-4329-A467-E67853DE7F7A} = {4E7F8963-CCB2-44C1-AF4E-3CB3E30885AA}
		{1E1A6715-591E-484B-A39B-4AD70073F9B8} = {D0B41789-14A0-4875-A11A-C9A149D2849D}
		{7976C450-1969-4BF0-B841-5902AA419FAD} = {1E1A6715-591E-484B-A39B-4AD70073F9B8}
		{444237DD-840C-42AD-ADBD-F0FCD40D1217} = {1E1A6715-591E-484B-A39B-4AD70073F9B8}
		{7E610443-1F11-4936-A3B6-9236F3AF5281} = {4A8DF047-A977-4699-98BC-B929650AB544}
		{9DD52DE5-75B7-4FAD-89D2-948F482F5FEE} = {4E7F8963-CCB2-44C1-AF4E-3CB3E30885AA}
		{03AB6056-9BF6-42F1-AFA5-F248C3E17FEA} = {1E1A6715-591E-484B-A39B-4AD70073F9B8}
		{232CDBAA-921B-4F20-A630-E55C1AD123BF} = {9413011F-81EC-45E7-B6BD-641ADC1A30F1}
		{4AC6C62E-DDFE-441D-8B54-38C5E29F659F} = {52236B85-44FC-4AFD-A676-AA77A4674C36}
		{6C585C7A-1D0B-4DA6-896E-6CA464A7A2BA} = {4AC6C62E-DDFE-441D-8B54-38C5E29F659F}
		{C4420774-7DF2-4419-9682-2EA86D72C152} = {EBE14867-2369-44B0-AF1F-004B16A98986}
		{5D066CCC-2C06-4061-B180-05675D7DCDE1} = {C4420774-7DF2-4419-9682-2EA86D72C152}
		{77823DF1-2ED4-40D2-B6BC-1B5B9AF58970} = {C4420774-7DF2-4419-9682-2EA86D72C152}
		{658B13CC-8E3C-47CB-B092-8F5C738775F5} = {C4420774-7DF2-4419-9682-2EA86D72C152}
		{2232F85D-B502-4C19-9F35-E8BDA149C5B0} = {C58B2774-CBC4-4CC7-AE46-5F1D6D41C4F7}
		{29F738BF-8D8C-45A6-A7AD-A2DC533515DB} = {EBE14867-2369-44B0-AF1F-004B16A98986}
		{9367CB04-C084-4648-AFAD-2DB100F05FD2} = {29F738BF-8D8C-45A6-A7AD-A2DC533515DB}
		{9B9FB4D6-9355-4B5E-9177-6C29718C553A} = {29F738BF-8D8C-45A6-A7AD-A2DC533515DB}
		{0B7EA780-14B8-4572-8710-15A3068A1CD8} = {29F738BF-8D8C-45A6-A7AD-A2DC533515DB}
		{B752B88A-2603-42BE-B703-36033CD44513} = {29F738BF-8D8C-45A6-A7AD-A2DC533515DB}
		{1A64D90B-F7D8-46B7-BEB1-B2A48257D0F6} = {52236B85-44FC-4AFD-A676-AA77A4674C36}
		{3A718879-30E0-419F-845E-44C015020D9D} = {1A64D90B-F7D8-46B7-BEB1-B2A48257D0F6}
		{CFCEACE5-8508-430B-863E-A010A670E980} = {AF6E771B-0747-4AD5-AFCF-7EF64F6D1072}
		{AEC983F0-185C-4F1C-9E16-3E9F8A547A2C} = {1E1A6715-591E-484B-A39B-4AD70073F9B8}
		{746D424E-D778-4218-94A3-2459805324FF} = {EBE14867-2369-44B0-AF1F-004B16A98986}
		{C4B0FC0D-C199-4C8E-88B2-225C26931231} = {746D424E-D778-4218-94A3-2459805324FF}
		{8B1FE90C-D45E-4551-B91F-288E057B176D} = {746D424E-D778-4218-94A3-2459805324FF}
		{48CC7830-883A-4A31-A48D-9D732FF19637} = {746D424E-D778-4218-94A3-2459805324FF}
		{9363A888-043A-43B1-ABD6-FFDC7CAFD77D} = {9413011F-81EC-45E7-B6BD-641ADC1A30F1}
		{5F55499E-D85D-45E3-A1DC-2A501E1A8000} = {9413011F-81EC-45E7-B6BD-641ADC1A30F1}
		{E763FAFE-4410-4ECB-B28C-95B28E95335F} = {9413011F-81EC-45E7-B6BD-641ADC1A30F1}
		{939941BC-1951-483E-8190-BCB8FE23C196} = {9413011F-81EC-45E7-B6BD-641ADC1A30F1}
		{85576AB4-6074-4A0B-AD13-DC23D0B260C4} = {EBE14867-2369-44B0-AF1F-004B16A98986}
		{308AB7C0-1AF5-46A3-98F5-420D579EF259} = {85576AB4-6074-4A0B-AD13-DC23D0B260C4}
		{483AB37E-C2FC-403E-A14E-29EE2D0D1847} = {85576AB4-6074-4A0B-AD13-DC23D0B260C4}
		{11376448-95D9-4298-831E-AA629A6FF70C} = {85576AB4-6074-4A0B-AD13-DC23D0B260C4}
		{DFA8B10B-6C70-413F-B3BB-179D1E06145B} = {52236B85-44FC-4AFD-A676-AA77A4674C36}
		{E9F95E71-69B8-4F76-8C67-D5313D5A66EB} = {85576AB4-6074-4A0B-AD13-DC23D0B260C4}
		{0CA62E4E-C9A3-4715-B2AD-1210D298C902} = {DFA8B10B-6C70-413F-B3BB-179D1E06145B}
		{5871C32C-68C4-486B-9511-567FC37852DD} = {29F738BF-8D8C-45A6-A7AD-A2DC533515DB}
		{2C75F690-39FE-4EB9-95DF-5E1FB1F3DA10} = {791F66C1-E6D8-4A05-8C49-11601276F54D}
		{F7FD8B93-C6FF-4661-8BB7-749A9E5EBEC1} = {791F66C1-E6D8-4A05-8C49-11601276F54D}
		{CFA63997-A649-4F4E-B54D-6ADEB3096377} = {4AB29C2D-A0F4-411C-9BB7-E8EE4A22CCC8}
	EndGlobalSection
	GlobalSection(ExtensibilityGlobals) = postSolution
		SolutionGuid = {CE416F04-8216-4705-B608-C1C8307CA0F1}
	EndGlobalSection
EndGlobal
